
Microsoft Visual Studio Solution File, Format Version 12.00
# Visual Studio Version 16
VisualStudioVersion = 16.0.31129.286
MinimumVisualStudioVersion = 10.0.40219.1
Project("{FAE04EC0-301F-11D3-BF4B-00C04F79EFBC}") = "Projeto teste Git", "Projeto teste Git\Projeto teste Git.csproj", "{E0C0E821-83B4-49F8-B8F5-94EB39D3EC17}"
EndProject
Global
	GlobalSection(SolutionConfigurationPlatforms) = preSolution
		Debug|Any CPU = Debug|Any CPU
		Release|Any CPU = Release|Any CPU
	EndGlobalSection
	GlobalSection(ProjectConfigurationPlatforms) = postSolution
		{E0C0E821-83B4-49F8-B8F5-94EB39D3EC17}.Debug|Any CPU.ActiveCfg = Debug|Any CPU
		{E0C0E821-83B4-49F8-B8F5-94EB39D3EC17}.Debug|Any CPU.Build.0 = Debug|Any CPU
		{E0C0E821-83B4-49F8-B8F5-94EB39D3EC17}.Release|Any CPU.ActiveCfg = Release|Any CPU
		{E0C0E821-83B4-49F8-B8F5-94EB39D3EC17}.Release|Any CPU.Build.0 = Release|Any CPU
	EndGlobalSection
	GlobalSection(SolutionProperties) = preSolution
		HideSolutionNode = FALSE
	EndGlobalSection
	GlobalSection(ExtensibilityGlobals) = postSolution
		SolutionGuid = {C4636585-3EDB-4015-BA5F-3AE94B16FD21}
	EndGlobalSection
EndGlobal
